
Microsoft Visual Studio Solution File, Format Version 12.00
# Visual Studio Version 17
VisualStudioVersion = 17.8.34330.188
MinimumVisualStudioVersion = 10.0.40219.1
Project("{6EC3EE1D-3C4E-46DD-8F32-0CC8E7565705}") = "AngouriMath.Interactive", "AngouriMath.Interactive.fsproj", "{F6F9CE60-FDB9-484F-8700-5FD2162CE6C4}"
EndProject
Global
	GlobalSection(SolutionConfigurationPlatforms) = preSolution
		Debug|Any CPU = Debug|Any CPU
		Release|Any CPU = Release|Any CPU
	EndGlobalSection
	GlobalSection(ProjectConfigurationPlatforms) = postSolution
		{F6F9CE60-FDB9-484F-8700-5FD2162CE6C4}.Debug|Any CPU.ActiveCfg = Debug|Any CPU
		{F6F9CE60-FDB9-484F-8700-5FD2162CE6C4}.Debug|Any CPU.Build.0 = Debug|Any CPU
		{F6F9CE60-FDB9-484F-8700-5FD2162CE6C4}.Release|Any CPU.ActiveCfg = Release|Any CPU
		{F6F9CE60-FDB9-484F-8700-5FD2162CE6C4}.Release|Any CPU.Build.0 = Release|Any CPU
	EndGlobalSection
	GlobalSection(SolutionProperties) = preSolution
		HideSolutionNode = FALSE
	EndGlobalSection
	GlobalSection(ExtensibilityGlobals) = postSolution
		SolutionGuid = {984A729C-5ACD-41B4-8704-78CAFBB4FE65}
	EndGlobalSection
EndGlobal
