
Microsoft Visual Studio Solution File, Format Version 12.00
# Visual Studio Version 18
VisualStudioVersion = 18.1.11312.151 d18.0
MinimumVisualStudioVersion = 10.0.40219.1
Project("{2150E333-8FDC-42A3-9474-1A3956D46DE8}") = "AngouriMath", "AngouriMath", "{F604DFEB-8939-4B4F-8E37-1FDC06E26D5A}"
EndProject
Project("{FAE04EC0-301F-11D3-BF4B-00C04F79EFBC}") = "AngouriMath", "AngouriMath\AngouriMath\AngouriMath.csproj", "{2D495EED-3C58-4E07-9152-9FE8C3CD522F}"
EndProject
Project("{2150E333-8FDC-42A3-9474-1A3956D46DE8}") = "Analyzers", "Analyzers", "{358BFC2B-1A5B-4740-8BA1-0E53EFC7EDAC}"
EndProject
Project("{FAE04EC0-301F-11D3-BF4B-00C04F79EFBC}") = "Analyzers", "Analyzers\Analyzers\Analyzers.csproj", "{DD31C5D5-DE64-44A3-8901-D0422DC0721A}"
EndProject
Project("{2150E333-8FDC-42A3-9474-1A3956D46DE8}") = "Samples", "Samples", "{822E64E5-9BB9-4702-B704-18129D0BC9C7}"
EndProject
Project("{F2A71F9B-5D33-465A-A702-920D77279786}") = "FSharpPlayground", "Samples\FSharpPlayground\FSharpPlayground.fsproj", "{360222E1-B453-4536-AEE3-39E6ACB32C61}"
EndProject
Project("{F2A71F9B-5D33-465A-A702-920D77279786}") = "FSharpSample", "Samples\FSharpSample\FSharpSample.fsproj", "{111D5115-1B22-48DC-905E-5B58373BE0E0}"
EndProject
Project("{F2A71F9B-5D33-465A-A702-920D77279786}") = "InteractivePlayground", "Samples\InteractivePlayground\InteractivePlayground.fsproj", "{5F190ADC-7973-4D48-85DA-39F73DF8BC74}"
EndProject
Project("{FAE04EC0-301F-11D3-BF4B-00C04F79EFBC}") = "SampleNet5", "Samples\SampleNet5\SampleNet5.csproj", "{E98FC739-A295-4F58-A896-4E1188079180}"
EndProject
Project("{FAE04EC0-301F-11D3-BF4B-00C04F79EFBC}") = "Playground", "Samples\Samples\Playground.csproj", "{17F356AF-E8FD-4C6A-AC02-1D5A18F40EC2}"
EndProject
Project("{2150E333-8FDC-42A3-9474-1A3956D46DE8}") = "Tests", "Tests", "{9869C55D-A753-4DE2-9C22-CCF768C6EC53}"
EndProject
Project("{FAE04EC0-301F-11D3-BF4B-00C04F79EFBC}") = "UnitTests", "Tests\UnitTests\UnitTests.csproj", "{F76A21E2-FDD7-4E0B-950D-AB69B50F62B9}"
EndProject
Project("{F2A71F9B-5D33-465A-A702-920D77279786}") = "FSharpWrapperUnitTests", "Tests\FSharpWrapperUnitTests\FSharpWrapperUnitTests.fsproj", "{3C03B5FC-D0D8-4E52-B581-743D4211F819}"
EndProject
Project("{F2A71F9B-5D33-465A-A702-920D77279786}") = "InteractiveWrapperUnitTests", "Tests\InteractiveWrapperUnitTests\InteractiveWrapperUnitTests.fsproj", "{FDEE9428-74CB-44ED-BBD7-DAAC9CCBADCA}"
EndProject
Project("{FAE04EC0-301F-11D3-BF4B-00C04F79EFBC}") = "DotnetBenchmark", "Tests\DotnetBenchmark\DotnetBenchmark.csproj", "{C61DD310-AF04-4B4F-8A34-59FFC8A78F41}"
EndProject
Project("{F2A71F9B-5D33-465A-A702-920D77279786}") = "TerminalUnitTests", "Tests\TerminalUnitTests\TerminalUnitTests.fsproj", "{90552AEB-7563-4C06-A0B7-9F810A572E8A}"
EndProject
Project("{FAE04EC0-301F-11D3-BF4B-00C04F79EFBC}") = "Analyzers.CodeFixes", "Analyzers\Analyzers.CodeFixes\Analyzers.CodeFixes.csproj", "{9E5FEA3D-F9DE-2F38-D434-8C97DF80633F}"
EndProject
Project("{FAE04EC0-301F-11D3-BF4B-00C04F79EFBC}") = "Analyzers.Debug", "Analyzers\Analyzers.Debug\Analyzers.Debug.csproj", "{7C7DE223-D688-E7C3-1021-C86827910720}"
EndProject
Project("{FAE04EC0-301F-11D3-BF4B-00C04F79EFBC}") = "AngouriMathPlot", "Samples\AngouriMathPlot\AngouriMathPlot.csproj", "{4B2B48EE-B454-A3AC-5534-63E894592140}"
EndProject
Project("{FAE04EC0-301F-11D3-BF4B-00C04F79EFBC}") = "GraphicExample", "Samples\GraphicExample\GraphicExample.csproj", "{13409571-0ADC-B9C6-2EE7-44DF0B4AD43C}"
EndProject
Project("{2150E333-8FDC-42A3-9474-1A3956D46DE8}") = "Terminal", "Terminal", "{7FCB69C7-EC31-4F61-BDD9-43B9DEED8750}"
EndProject
Project("{F2A71F9B-5D33-465A-A702-920D77279786}") = "AngouriMath.Terminal", "Terminal\AngouriMath.Terminal\AngouriMath.Terminal.fsproj", "{E34FC29D-1046-0B02-E647-858434BFD9E0}"
EndProject
Project("{F2A71F9B-5D33-465A-A702-920D77279786}") = "AngouriMath.Terminal.Lib", "Terminal\AngouriMath.Terminal.Lib\AngouriMath.Terminal.Lib.fsproj", "{405E214B-17A6-83E0-90A1-4F8B7213954F}"
EndProject
Project("{2150E333-8FDC-42A3-9474-1A3956D46DE8}") = "Utils", "Utils", "{DC3A3E46-854E-403D-8FA5-561DF66277D4}"
EndProject
Project("{FAE04EC0-301F-11D3-BF4B-00C04F79EFBC}") = "Utils", "Utils\Utils\Utils.csproj", "{9E733914-18F8-CD3A-EDB8-F32FFEF4A3DA}"
EndProject
Project("{2150E333-8FDC-42A3-9474-1A3956D46DE8}") = "Wrappers", "Wrappers", "{D8022D2F-1DCE-4CE1-98DF-70B00D719D59}"
EndProject
Project("{F2A71F9B-5D33-465A-A702-920D77279786}") = "AngouriMath.FSharp", "Wrappers\AngouriMath.FSharp\AngouriMath.FSharp.fsproj", "{FD30A551-F0D8-071A-9356-0BF0CDFB2FCC}"
EndProject
Project("{F2A71F9B-5D33-465A-A702-920D77279786}") = "AngouriMath.Interactive", "Wrappers\AngouriMath.Interactive\AngouriMath.Interactive.fsproj", "{ABAD0619-30C7-242D-670F-2ECC908074A2}"
EndProject
Project("{FAE04EC0-301F-11D3-BF4B-00C04F79EFBC}") = "AngouriMath.CPP.Exporting", "Wrappers\AngouriMath.CPP.Exporting\AngouriMath.CPP.Exporting.csproj", "{40BCFEFF-F691-B86D-DEF7-1B3D75C72011}"
EndProject
Global
	GlobalSection(SolutionConfigurationPlatforms) = preSolution
		Debug|Any CPU = Debug|Any CPU
		Release|Any CPU = Release|Any CPU
	EndGlobalSection
	GlobalSection(ProjectConfigurationPlatforms) = postSolution
		{2D495EED-3C58-4E07-9152-9FE8C3CD522F}.Debug|Any CPU.ActiveCfg = Debug|Any CPU
		{2D495EED-3C58-4E07-9152-9FE8C3CD522F}.Debug|Any CPU.Build.0 = Debug|Any CPU
		{2D495EED-3C58-4E07-9152-9FE8C3CD522F}.Release|Any CPU.ActiveCfg = Release|Any CPU
		{2D495EED-3C58-4E07-9152-9FE8C3CD522F}.Release|Any CPU.Build.0 = Release|Any CPU
		{DD31C5D5-DE64-44A3-8901-D0422DC0721A}.Debug|Any CPU.ActiveCfg = Debug|Any CPU
		{DD31C5D5-DE64-44A3-8901-D0422DC0721A}.Debug|Any CPU.Build.0 = Debug|Any CPU
		{DD31C5D5-DE64-44A3-8901-D0422DC0721A}.Release|Any CPU.ActiveCfg = Release|Any CPU
		{DD31C5D5-DE64-44A3-8901-D0422DC0721A}.Release|Any CPU.Build.0 = Release|Any CPU
		{360222E1-B453-4536-AEE3-39E6ACB32C61}.Debug|Any CPU.ActiveCfg = Debug|Any CPU
		{360222E1-B453-4536-AEE3-39E6ACB32C61}.Debug|Any CPU.Build.0 = Debug|Any CPU
		{360222E1-B453-4536-AEE3-39E6ACB32C61}.Release|Any CPU.ActiveCfg = Release|Any CPU
		{360222E1-B453-4536-AEE3-39E6ACB32C61}.Release|Any CPU.Build.0 = Release|Any CPU
		{111D5115-1B22-48DC-905E-5B58373BE0E0}.Debug|Any CPU.ActiveCfg = Debug|Any CPU
		{111D5115-1B22-48DC-905E-5B58373BE0E0}.Debug|Any CPU.Build.0 = Debug|Any CPU
		{111D5115-1B22-48DC-905E-5B58373BE0E0}.Release|Any CPU.ActiveCfg = Release|Any CPU
		{111D5115-1B22-48DC-905E-5B58373BE0E0}.Release|Any CPU.Build.0 = Release|Any CPU
		{5F190ADC-7973-4D48-85DA-39F73DF8BC74}.Debug|Any CPU.ActiveCfg = Debug|Any CPU
		{5F190ADC-7973-4D48-85DA-39F73DF8BC74}.Debug|Any CPU.Build.0 = Debug|Any CPU
		{5F190ADC-7973-4D48-85DA-39F73DF8BC74}.Release|Any CPU.ActiveCfg = Release|Any CPU
		{5F190ADC-7973-4D48-85DA-39F73DF8BC74}.Release|Any CPU.Build.0 = Release|Any CPU
		{E98FC739-A295-4F58-A896-4E1188079180}.Debug|Any CPU.ActiveCfg = Debug|Any CPU
		{E98FC739-A295-4F58-A896-4E1188079180}.Debug|Any CPU.Build.0 = Debug|Any CPU
		{E98FC739-A295-4F58-A896-4E1188079180}.Release|Any CPU.ActiveCfg = Release|Any CPU
		{E98FC739-A295-4F58-A896-4E1188079180}.Release|Any CPU.Build.0 = Release|Any CPU
		{17F356AF-E8FD-4C6A-AC02-1D5A18F40EC2}.Debug|Any CPU.ActiveCfg = Debug|Any CPU
		{17F356AF-E8FD-4C6A-AC02-1D5A18F40EC2}.Debug|Any CPU.Build.0 = Debug|Any CPU
		{17F356AF-E8FD-4C6A-AC02-1D5A18F40EC2}.Release|Any CPU.ActiveCfg = Release|Any CPU
		{17F356AF-E8FD-4C6A-AC02-1D5A18F40EC2}.Release|Any CPU.Build.0 = Release|Any CPU
		{F76A21E2-FDD7-4E0B-950D-AB69B50F62B9}.Debug|Any CPU.ActiveCfg = Debug|Any CPU
		{F76A21E2-FDD7-4E0B-950D-AB69B50F62B9}.Debug|Any CPU.Build.0 = Debug|Any CPU
		{F76A21E2-FDD7-4E0B-950D-AB69B50F62B9}.Release|Any CPU.ActiveCfg = Release|Any CPU
		{F76A21E2-FDD7-4E0B-950D-AB69B50F62B9}.Release|Any CPU.Build.0 = Release|Any CPU
		{3C03B5FC-D0D8-4E52-B581-743D4211F819}.Debug|Any CPU.ActiveCfg = Debug|Any CPU
		{3C03B5FC-D0D8-4E52-B581-743D4211F819}.Debug|Any CPU.Build.0 = Debug|Any CPU
		{3C03B5FC-D0D8-4E52-B581-743D4211F819}.Release|Any CPU.ActiveCfg = Release|Any CPU
		{3C03B5FC-D0D8-4E52-B581-743D4211F819}.Release|Any CPU.Build.0 = Release|Any CPU
		{FDEE9428-74CB-44ED-BBD7-DAAC9CCBADCA}.Debug|Any CPU.ActiveCfg = Debug|Any CPU
		{FDEE9428-74CB-44ED-BBD7-DAAC9CCBADCA}.Debug|Any CPU.Build.0 = Debug|Any CPU
		{FDEE9428-74CB-44ED-BBD7-DAAC9CCBADCA}.Release|Any CPU.ActiveCfg = Release|Any CPU
		{FDEE9428-74CB-44ED-BBD7-DAAC9CCBADCA}.Release|Any CPU.Build.0 = Release|Any CPU
		{C61DD310-AF04-4B4F-8A34-59FFC8A78F41}.Debug|Any CPU.ActiveCfg = Debug|Any CPU
		{C61DD310-AF04-4B4F-8A34-59FFC8A78F41}.Debug|Any CPU.Build.0 = Debug|Any CPU
		{C61DD310-AF04-4B4F-8A34-59FFC8A78F41}.Release|Any CPU.ActiveCfg = Release|Any CPU
		{C61DD310-AF04-4B4F-8A34-59FFC8A78F41}.Release|Any CPU.Build.0 = Release|Any CPU
		{90552AEB-7563-4C06-A0B7-9F810A572E8A}.Debug|Any CPU.ActiveCfg = Debug|Any CPU
		{90552AEB-7563-4C06-A0B7-9F810A572E8A}.Debug|Any CPU.Build.0 = Debug|Any CPU
		{90552AEB-7563-4C06-A0B7-9F810A572E8A}.Release|Any CPU.ActiveCfg = Release|Any CPU
		{90552AEB-7563-4C06-A0B7-9F810A572E8A}.Release|Any CPU.Build.0 = Release|Any CPU
		{9E5FEA3D-F9DE-2F38-D434-8C97DF80633F}.Debug|Any CPU.ActiveCfg = Debug|Any CPU
		{9E5FEA3D-F9DE-2F38-D434-8C97DF80633F}.Debug|Any CPU.Build.0 = Debug|Any CPU
		{9E5FEA3D-F9DE-2F38-D434-8C97DF80633F}.Release|Any CPU.ActiveCfg = Release|Any CPU
		{9E5FEA3D-F9DE-2F38-D434-8C97DF80633F}.Release|Any CPU.Build.0 = Release|Any CPU
		{7C7DE223-D688-E7C3-1021-C86827910720}.Debug|Any CPU.ActiveCfg = Debug|Any CPU
		{7C7DE223-D688-E7C3-1021-C86827910720}.Debug|Any CPU.Build.0 = Debug|Any CPU
		{7C7DE223-D688-E7C3-1021-C86827910720}.Release|Any CPU.ActiveCfg = Release|Any CPU
		{7C7DE223-D688-E7C3-1021-C86827910720}.Release|Any CPU.Build.0 = Release|Any CPU
		{4B2B48EE-B454-A3AC-5534-63E894592140}.Debug|Any CPU.ActiveCfg = Debug|Any CPU
		{4B2B48EE-B454-A3AC-5534-63E894592140}.Debug|Any CPU.Build.0 = Debug|Any CPU
		{4B2B48EE-B454-A3AC-5534-63E894592140}.Release|Any CPU.ActiveCfg = Release|Any CPU
		{4B2B48EE-B454-A3AC-5534-63E894592140}.Release|Any CPU.Build.0 = Release|Any CPU
		{13409571-0ADC-B9C6-2EE7-44DF0B4AD43C}.Debug|Any CPU.ActiveCfg = Debug|Any CPU
		{13409571-0ADC-B9C6-2EE7-44DF0B4AD43C}.Debug|Any CPU.Build.0 = Debug|Any CPU
		{13409571-0ADC-B9C6-2EE7-44DF0B4AD43C}.Release|Any CPU.ActiveCfg = Release|Any CPU
		{13409571-0ADC-B9C6-2EE7-44DF0B4AD43C}.Release|Any CPU.Build.0 = Release|Any CPU
		{E34FC29D-1046-0B02-E647-858434BFD9E0}.Debug|Any CPU.ActiveCfg = Debug|Any CPU
		{E34FC29D-1046-0B02-E647-858434BFD9E0}.Debug|Any CPU.Build.0 = Debug|Any CPU
		{E34FC29D-1046-0B02-E647-858434BFD9E0}.Release|Any CPU.ActiveCfg = Release|Any CPU
		{E34FC29D-1046-0B02-E647-858434BFD9E0}.Release|Any CPU.Build.0 = Release|Any CPU
		{405E214B-17A6-83E0-90A1-4F8B7213954F}.Debug|Any CPU.ActiveCfg = Debug|Any CPU
		{405E214B-17A6-83E0-90A1-4F8B7213954F}.Debug|Any CPU.Build.0 = Debug|Any CPU
		{405E214B-17A6-83E0-90A1-4F8B7213954F}.Release|Any CPU.ActiveCfg = Release|Any CPU
		{405E214B-17A6-83E0-90A1-4F8B7213954F}.Release|Any CPU.Build.0 = Release|Any CPU
		{9E733914-18F8-CD3A-EDB8-F32FFEF4A3DA}.Debug|Any CPU.ActiveCfg = Debug|Any CPU
		{9E733914-18F8-CD3A-EDB8-F32FFEF4A3DA}.Debug|Any CPU.Build.0 = Debug|Any CPU
		{9E733914-18F8-CD3A-EDB8-F32FFEF4A3DA}.Release|Any CPU.ActiveCfg = Release|Any CPU
		{9E733914-18F8-CD3A-EDB8-F32FFEF4A3DA}.Release|Any CPU.Build.0 = Release|Any CPU
		{FD30A551-F0D8-071A-9356-0BF0CDFB2FCC}.Debug|Any CPU.ActiveCfg = Debug|Any CPU
		{FD30A551-F0D8-071A-9356-0BF0CDFB2FCC}.Debug|Any CPU.Build.0 = Debug|Any CPU
		{FD30A551-F0D8-071A-9356-0BF0CDFB2FCC}.Release|Any CPU.ActiveCfg = Release|Any CPU
		{FD30A551-F0D8-071A-9356-0BF0CDFB2FCC}.Release|Any CPU.Build.0 = Release|Any CPU
		{ABAD0619-30C7-242D-670F-2ECC908074A2}.Debug|Any CPU.ActiveCfg = Debug|Any CPU
		{ABAD0619-30C7-242D-670F-2ECC908074A2}.Debug|Any CPU.Build.0 = Debug|Any CPU
		{ABAD0619-30C7-242D-670F-2ECC908074A2}.Release|Any CPU.ActiveCfg = Release|Any CPU
		{ABAD0619-30C7-242D-670F-2ECC908074A2}.Release|Any CPU.Build.0 = Release|Any CPU
		{40BCFEFF-F691-B86D-DEF7-1B3D75C72011}.Debug|Any CPU.ActiveCfg = Debug|Any CPU
		{40BCFEFF-F691-B86D-DEF7-1B3D75C72011}.Debug|Any CPU.Build.0 = Debug|Any CPU
		{40BCFEFF-F691-B86D-DEF7-1B3D75C72011}.Release|Any CPU.ActiveCfg = Release|Any CPU
		{40BCFEFF-F691-B86D-DEF7-1B3D75C72011}.Release|Any CPU.Build.0 = Release|Any CPU
	EndGlobalSection
	GlobalSection(SolutionProperties) = preSolution
		HideSolutionNode = FALSE
	EndGlobalSection
	GlobalSection(NestedProjects) = preSolution
		{2D495EED-3C58-4E07-9152-9FE8C3CD522F} = {F604DFEB-8939-4B4F-8E37-1FDC06E26D5A}
		{DD31C5D5-DE64-44A3-8901-D0422DC0721A} = {358BFC2B-1A5B-4740-8BA1-0E53EFC7EDAC}
		{360222E1-B453-4536-AEE3-39E6ACB32C61} = {822E64E5-9BB9-4702-B704-18129D0BC9C7}
		{111D5115-1B22-48DC-905E-5B58373BE0E0} = {822E64E5-9BB9-4702-B704-18129D0BC9C7}
		{5F190ADC-7973-4D48-85DA-39F73DF8BC74} = {822E64E5-9BB9-4702-B704-18129D0BC9C7}
		{E98FC739-A295-4F58-A896-4E1188079180} = {822E64E5-9BB9-4702-B704-18129D0BC9C7}
		{17F356AF-E8FD-4C6A-AC02-1D5A18F40EC2} = {822E64E5-9BB9-4702-B704-18129D0BC9C7}
		{F76A21E2-FDD7-4E0B-950D-AB69B50F62B9} = {9869C55D-A753-4DE2-9C22-CCF768C6EC53}
		{3C03B5FC-D0D8-4E52-B581-743D4211F819} = {9869C55D-A753-4DE2-9C22-CCF768C6EC53}
		{FDEE9428-74CB-44ED-BBD7-DAAC9CCBADCA} = {9869C55D-A753-4DE2-9C22-CCF768C6EC53}
		{C61DD310-AF04-4B4F-8A34-59FFC8A78F41} = {9869C55D-A753-4DE2-9C22-CCF768C6EC53}
		{90552AEB-7563-4C06-A0B7-9F810A572E8A} = {9869C55D-A753-4DE2-9C22-CCF768C6EC53}
		{9E5FEA3D-F9DE-2F38-D434-8C97DF80633F} = {358BFC2B-1A5B-4740-8BA1-0E53EFC7EDAC}
		{7C7DE223-D688-E7C3-1021-C86827910720} = {358BFC2B-1A5B-4740-8BA1-0E53EFC7EDAC}
		{4B2B48EE-B454-A3AC-5534-63E894592140} = {822E64E5-9BB9-4702-B704-18129D0BC9C7}
		{13409571-0ADC-B9C6-2EE7-44DF0B4AD43C} = {822E64E5-9BB9-4702-B704-18129D0BC9C7}
		{E34FC29D-1046-0B02-E647-858434BFD9E0} = {7FCB69C7-EC31-4F61-BDD9-43B9DEED8750}
		{405E214B-17A6-83E0-90A1-4F8B7213954F} = {7FCB69C7-EC31-4F61-BDD9-43B9DEED8750}
		{9E733914-18F8-CD3A-EDB8-F32FFEF4A3DA} = {DC3A3E46-854E-403D-8FA5-561DF66277D4}
		{FD30A551-F0D8-071A-9356-0BF0CDFB2FCC} = {D8022D2F-1DCE-4CE1-98DF-70B00D719D59}
		{ABAD0619-30C7-242D-670F-2ECC908074A2} = {D8022D2F-1DCE-4CE1-98DF-70B00D719D59}
		{40BCFEFF-F691-B86D-DEF7-1B3D75C72011} = {D8022D2F-1DCE-4CE1-98DF-70B00D719D59}
	EndGlobalSection
EndGlobal
