
Microsoft Visual Studio Solution File, Format Version 12.00
# Visual Studio Version 16
VisualStudioVersion = 16.0.29503.13
MinimumVisualStudioVersion = 10.0.40219.1
Project("{9A19103F-16F7-4668-BE54-9A1E7A4F7556}") = "AngouriMath", "AngouriMath\AngouriMath.csproj", "{66EA979F-7E3F-4C30-839E-F2E34E4D024B}"
EndProject
Project("{9A19103F-16F7-4668-BE54-9A1E7A4F7556}") = "UnitTests", "Tests\UnitTests\UnitTests.csproj", "{E01C001E-5CC0-42A8-99B6-43C7A409AB34}"
EndProject
Project("{2150E333-8FDC-42A3-9474-1A3956D46DE8}") = "Samples", "Samples", "{D15528F2-AB50-46E2-9DB1-821B278C4931}"
EndProject
Project("{2150E333-8FDC-42A3-9474-1A3956D46DE8}") = "Tests", "Tests", "{50DD3C1E-42AD-498E-9BE7-1604058CF1D8}"
EndProject
Project("{9A19103F-16F7-4668-BE54-9A1E7A4F7556}") = "DotnetBenchmark", "Tests\DotnetBenchmark\DotnetBenchmark.csproj", "{3F82FF3F-13E3-4106-9FE6-E986549528F2}"
EndProject
Project("{9A19103F-16F7-4668-BE54-9A1E7A4F7556}") = "Utils", "Utils\Utils\Utils.csproj", "{6D45F7A2-8231-486F-9CBA-5CC091EC9B43}"
EndProject
Project("{9A19103F-16F7-4668-BE54-9A1E7A4F7556}") = "Analyzers", "Analyzers\Analyzers\Analyzers.csproj", "{A37A22C6-40C6-4B11-BCF4-65A61CBD4AD5}"
EndProject
Project("{9A19103F-16F7-4668-BE54-9A1E7A4F7556}") = "Analyzers.CodeFixes", "Analyzers\Analyzers.CodeFixes\Analyzers.CodeFixes.csproj", "{DBE2D86F-482E-418F-9A6B-298B4EF1DB27}"
EndProject
Project("{2150E333-8FDC-42A3-9474-1A3956D46DE8}") = "Analyzers", "Analyzers", "{7B0F7A1A-7C84-4B17-85D0-24BBCAA18826}"
EndProject
Project("{9A19103F-16F7-4668-BE54-9A1E7A4F7556}") = "Analyzers.Debug", "Analyzers\Analyzers.Debug\Analyzers.Debug.csproj", "{DAE7E49D-A474-4776-91CF-3368E9C56F3D}"
EndProject
Project("{2150E333-8FDC-42A3-9474-1A3956D46DE8}") = "Wrappers", "Wrappers", "{C82FFADF-2F2F-4B8D-BB32-2D2F149FED4D}"
EndProject
Project("{6EC3EE1D-3C4E-46DD-8F32-0CC8E7565705}") = "AngouriMath.Interactive", "Wrappers\AngouriMath.Interactive\AngouriMath.Interactive.fsproj", "{60BB3472-1865-425F-A2F6-25E6C550EF84}"
EndProject
Project("{6EC3EE1D-3C4E-46DD-8F32-0CC8E7565705}") = "FSharpWrapperUnitTests", "Tests\FSharpWrapperUnitTests\FSharpWrapperUnitTests.fsproj", "{440FAFA2-BF69-479C-B590-600FBA146066}"
EndProject
Project("{2150E333-8FDC-42A3-9474-1A3956D46DE8}") = "_Items", "_Items", "{AC3DBEC4-E0A4-4457-9446-C49E6D487E48}"
	ProjectSection(SolutionItems) = preProject
		..\.gitignore = ..\.gitignore
	EndProjectSection
EndProject
Project("{2150E333-8FDC-42A3-9474-1A3956D46DE8}") = "Markdowns", "Markdowns", "{1C0BDFDE-D7B6-4343-AF9E-5BCAC51AA6A3}"
	ProjectSection(SolutionItems) = preProject
		..\CHANGELOG.md = ..\CHANGELOG.md
		..\CODE_OF_CONDUCT.md = ..\CODE_OF_CONDUCT.md
		..\CONTRIBUTING.md = ..\CONTRIBUTING.md
		..\LICENSE.md = ..\LICENSE.md
		..\README.md = ..\README.md
	EndProjectSection
EndProject
Project("{2150E333-8FDC-42A3-9474-1A3956D46DE8}") = "Ymls", "Ymls", "{AB2B0D73-3100-4CA1-A44C-113CEC1E3E6D}"
	ProjectSection(SolutionItems) = preProject
		..\.github\workflows\Benchmark.yml = ..\.github\workflows\Benchmark.yml
		..\.github\workflows\CPPBuild.yml = ..\.github\workflows\CPPBuild.yml
		..\.github\workflows\CPPTest.yml = ..\.github\workflows\CPPTest.yml
		..\.github\workflows\CSharpBuild.yml = ..\.github\workflows\CSharpBuild.yml
		..\.github\workflows\CSharpTest.yml = ..\.github\workflows\CSharpTest.yml
		..\.github\workflows\EverythingBuild.yml = ..\.github\workflows\EverythingBuild.yml
		..\.github\workflows\FSharpBuild.yml = ..\.github\workflows\FSharpBuild.yml
		..\.github\workflows\FSharpTest.yml = ..\.github\workflows\FSharpTest.yml
		..\.github\workflows\InteractiveBuild.yml = ..\.github\workflows\InteractiveBuild.yml
		..\.github\workflows\InteractiveTest.yml = ..\.github\workflows\InteractiveTest.yml
	EndProjectSection
EndProject
Project("{2150E333-8FDC-42A3-9474-1A3956D46DE8}") = "Pictures", "Pictures", "{8996D472-25ED-498F-8ED2-999B9DFA11C5}"
	ProjectSection(SolutionItems) = preProject
		icon.png = icon.png
		..\.github\additional\readme\icon_white.png = ..\.github\additional\readme\icon_white.png
		..\.github\additional\readme\interactive.PNG = ..\.github\additional\readme\interactive.PNG
		..\.github\additional\readme\pic1.PNG = ..\.github\additional\readme\pic1.PNG
		..\.github\additional\readme\side.PNG = ..\.github\additional\readme\side.PNG
	EndProjectSection
EndProject
Project("{2150E333-8FDC-42A3-9474-1A3956D46DE8}") = "SolutionConfigs", "SolutionConfigs", "{BA33D22B-1BAB-4EE1-BF66-8805A390A495}"
	ProjectSection(SolutionItems) = preProject
		.editorconfig = .editorconfig
		AngouriMath.sln.licenseheader = AngouriMath.sln.licenseheader
		Directory.Build.props = Directory.Build.props
		NuGet.Config = NuGet.Config
	EndProjectSection
EndProject
Project("{6EC3EE1D-3C4E-46DD-8F32-0CC8E7565705}") = "FSharpPlayground", "Samples\FSharpPlayground\FSharpPlayground.fsproj", "{907F9F40-AAD7-4BD3-95CB-4DD46B8C2D09}"
EndProject
Project("{9A19103F-16F7-4668-BE54-9A1E7A4F7556}") = "AngouriMathPlot", "Samples\AngouriMathPlot\AngouriMathPlot.csproj", "{360818B8-E2B2-405B-96E7-E5FDF8EA3720}"
EndProject
Project("{6EC3EE1D-3C4E-46DD-8F32-0CC8E7565705}") = "FSharpSample", "Samples\FSharpSample\FSharpSample.fsproj", "{635E97D2-7C42-40BD-9E64-B4DE37499FA4}"
EndProject
Project("{9A19103F-16F7-4668-BE54-9A1E7A4F7556}") = "GraphicExample", "Samples\GraphicExample\GraphicExample.csproj", "{61093808-B376-498A-8659-976FD22C313A}"
EndProject
Project("{9A19103F-16F7-4668-BE54-9A1E7A4F7556}") = "SampleNet5", "Samples\SampleNet5\SampleNet5.csproj", "{7F3C2F1A-2BFD-449D-A5E3-62514C5EAE96}"
EndProject
Project("{9A19103F-16F7-4668-BE54-9A1E7A4F7556}") = "Playground", "Samples\Samples\Playground.csproj", "{F5B5E6CF-58CA-4DF6-BB03-84C69228B22C}"
EndProject
Project("{9A19103F-16F7-4668-BE54-9A1E7A4F7556}") = "AngouriMath.CPP.Exporting", "Wrappers\AngouriMath.CPP.Exporting\AngouriMath.CPP.Exporting.csproj", "{4B568C2A-264A-4811-8F95-864AC59F3CCD}"
EndProject
Project("{2150E333-8FDC-42A3-9474-1A3956D46DE8}") = "AngouriMath.CPP.Importing", "AngouriMath.CPP.Importing", "{DC167CB5-37D6-4391-B751-0979195ACBC4}"
	ProjectSection(SolutionItems) = preProject
		Wrappers\AngouriMath.CPP.Importing\A.Imports.Hyperbolic.Functions.h = Wrappers\AngouriMath.CPP.Importing\A.Imports.Hyperbolic.Functions.h
		Wrappers\AngouriMath.CPP.Importing\A.Imports.MathS.Functions.h = Wrappers\AngouriMath.CPP.Importing\A.Imports.MathS.Functions.h
		Wrappers\AngouriMath.CPP.Importing\A.Usages.Hyperbolic.Functions.h = Wrappers\AngouriMath.CPP.Importing\A.Usages.Hyperbolic.Functions.h
		Wrappers\AngouriMath.CPP.Importing\A.Usages.MathS.Functions.h = Wrappers\AngouriMath.CPP.Importing\A.Usages.MathS.Functions.h
		Wrappers\AngouriMath.CPP.Importing\AngouriMath.CPP.cpp = Wrappers\AngouriMath.CPP.Importing\AngouriMath.CPP.cpp
		Wrappers\AngouriMath.CPP.Importing\AngouriMath.CPP.h = Wrappers\AngouriMath.CPP.Importing\AngouriMath.CPP.h
		Wrappers\AngouriMath.CPP.Importing\CMakeLists.txt = Wrappers\AngouriMath.CPP.Importing\CMakeLists.txt
		Wrappers\AngouriMath.CPP.Importing\CMakeSettings.json = Wrappers\AngouriMath.CPP.Importing\CMakeSettings.json
		Wrappers\AngouriMath.CPP.Importing\ErrorCode.h = Wrappers\AngouriMath.CPP.Importing\ErrorCode.h
		Wrappers\AngouriMath.CPP.Importing\imports.h = Wrappers\AngouriMath.CPP.Importing\imports.h
		Wrappers\AngouriMath.CPP.Importing\TypeAliases.h = Wrappers\AngouriMath.CPP.Importing\TypeAliases.h
	EndProjectSection
EndProject
Project("{2150E333-8FDC-42A3-9474-1A3956D46DE8}") = "CPlusPlusPlayground", "CPlusPlusPlayground", "{A2A2D155-C21D-4022-91E4-9516015281E7}"
	ProjectSection(SolutionItems) = preProject
		Samples\CPlusPlusPlayground\CMakeLists.txt = Samples\CPlusPlusPlayground\CMakeLists.txt
		Samples\CPlusPlusPlayground\CMakeSettings.json = Samples\CPlusPlusPlayground\CMakeSettings.json
		Samples\CPlusPlusPlayground\CPlusPlusPlayground.cpp = Samples\CPlusPlusPlayground\CPlusPlusPlayground.cpp
		Samples\CPlusPlusPlayground\CPlusPlusPlayground.h = Samples\CPlusPlusPlayground\CPlusPlusPlayground.h
	EndProjectSection
EndProject
Project("{6EC3EE1D-3C4E-46DD-8F32-0CC8E7565705}") = "AngouriMath.FSharp", "Wrappers\AngouriMath.FSharp\AngouriMath.FSharp.fsproj", "{602429CC-6BB5-4BF2-91DA-C6B0FF4399E5}"
EndProject
Project("{2150E333-8FDC-42A3-9474-1A3956D46DE8}") = "CPPWrapperUnitTests", "CPPWrapperUnitTests", "{58DA6B29-2597-4D78-8938-97DB784293DB}"
	ProjectSection(SolutionItems) = preProject
		Tests\CPPWrapperUnitTests\tests\CMakeLists.txt = Tests\CPPWrapperUnitTests\tests\CMakeLists.txt
		Tests\CPPWrapperUnitTests\tests\RunTests.cpp = Tests\CPPWrapperUnitTests\tests\RunTests.cpp
	EndProjectSection
EndProject
Project("{2150E333-8FDC-42A3-9474-1A3956D46DE8}") = "ISSUE_TEMPLATE", "ISSUE_TEMPLATE", "{D691F587-E095-42D4-9FB7-A5A3D8725471}"
	ProjectSection(SolutionItems) = preProject
		..\.github\ISSUE_TEMPLATE\ask_question.md = ..\.github\ISSUE_TEMPLATE\ask_question.md
		..\.github\ISSUE_TEMPLATE\bug_report.md = ..\.github\ISSUE_TEMPLATE\bug_report.md
		..\.github\ISSUE_TEMPLATE\suggest_idea.md = ..\.github\ISSUE_TEMPLATE\suggest_idea.md
	EndProjectSection
EndProject
Project("{6EC3EE1D-3C4E-46DD-8F32-0CC8E7565705}") = "InteractiveWrapperUnitTests", "Tests\InteractiveWrapperUnitTests\InteractiveWrapperUnitTests.fsproj", "{F182838C-116D-4FED-BC33-6B39FA3D66C0}"
EndProject
Global
	GlobalSection(SolutionConfigurationPlatforms) = preSolution
		Debug|Any CPU = Debug|Any CPU
		Debug|x64 = Debug|x64
		Release|Any CPU = Release|Any CPU
		Release|x64 = Release|x64
	EndGlobalSection
	GlobalSection(ProjectConfigurationPlatforms) = postSolution
		{66EA979F-7E3F-4C30-839E-F2E34E4D024B}.Debug|Any CPU.ActiveCfg = Debug|Any CPU
		{66EA979F-7E3F-4C30-839E-F2E34E4D024B}.Debug|Any CPU.Build.0 = Debug|Any CPU
		{66EA979F-7E3F-4C30-839E-F2E34E4D024B}.Debug|x64.ActiveCfg = Debug|Any CPU
		{66EA979F-7E3F-4C30-839E-F2E34E4D024B}.Debug|x64.Build.0 = Debug|Any CPU
		{66EA979F-7E3F-4C30-839E-F2E34E4D024B}.Release|Any CPU.ActiveCfg = Release|Any CPU
		{66EA979F-7E3F-4C30-839E-F2E34E4D024B}.Release|Any CPU.Build.0 = Release|Any CPU
		{66EA979F-7E3F-4C30-839E-F2E34E4D024B}.Release|x64.ActiveCfg = Release|Any CPU
		{66EA979F-7E3F-4C30-839E-F2E34E4D024B}.Release|x64.Build.0 = Release|Any CPU
		{E01C001E-5CC0-42A8-99B6-43C7A409AB34}.Debug|Any CPU.ActiveCfg = Debug|Any CPU
		{E01C001E-5CC0-42A8-99B6-43C7A409AB34}.Debug|Any CPU.Build.0 = Debug|Any CPU
		{E01C001E-5CC0-42A8-99B6-43C7A409AB34}.Debug|x64.ActiveCfg = Debug|x64
		{E01C001E-5CC0-42A8-99B6-43C7A409AB34}.Debug|x64.Build.0 = Debug|x64
		{E01C001E-5CC0-42A8-99B6-43C7A409AB34}.Release|Any CPU.ActiveCfg = Release|Any CPU
		{E01C001E-5CC0-42A8-99B6-43C7A409AB34}.Release|Any CPU.Build.0 = Release|Any CPU
		{E01C001E-5CC0-42A8-99B6-43C7A409AB34}.Release|x64.ActiveCfg = Release|x64
		{E01C001E-5CC0-42A8-99B6-43C7A409AB34}.Release|x64.Build.0 = Release|x64
		{3F82FF3F-13E3-4106-9FE6-E986549528F2}.Debug|Any CPU.ActiveCfg = Debug|Any CPU
		{3F82FF3F-13E3-4106-9FE6-E986549528F2}.Debug|Any CPU.Build.0 = Debug|Any CPU
		{3F82FF3F-13E3-4106-9FE6-E986549528F2}.Debug|x64.ActiveCfg = Debug|Any CPU
		{3F82FF3F-13E3-4106-9FE6-E986549528F2}.Debug|x64.Build.0 = Debug|Any CPU
		{3F82FF3F-13E3-4106-9FE6-E986549528F2}.Release|Any CPU.ActiveCfg = Release|Any CPU
		{3F82FF3F-13E3-4106-9FE6-E986549528F2}.Release|Any CPU.Build.0 = Release|Any CPU
		{3F82FF3F-13E3-4106-9FE6-E986549528F2}.Release|x64.ActiveCfg = Release|Any CPU
		{3F82FF3F-13E3-4106-9FE6-E986549528F2}.Release|x64.Build.0 = Release|Any CPU
		{6D45F7A2-8231-486F-9CBA-5CC091EC9B43}.Debug|Any CPU.ActiveCfg = Debug|Any CPU
		{6D45F7A2-8231-486F-9CBA-5CC091EC9B43}.Debug|Any CPU.Build.0 = Debug|Any CPU
		{6D45F7A2-8231-486F-9CBA-5CC091EC9B43}.Debug|x64.ActiveCfg = Debug|Any CPU
		{6D45F7A2-8231-486F-9CBA-5CC091EC9B43}.Debug|x64.Build.0 = Debug|Any CPU
		{6D45F7A2-8231-486F-9CBA-5CC091EC9B43}.Release|Any CPU.ActiveCfg = Release|Any CPU
		{6D45F7A2-8231-486F-9CBA-5CC091EC9B43}.Release|Any CPU.Build.0 = Release|Any CPU
		{6D45F7A2-8231-486F-9CBA-5CC091EC9B43}.Release|x64.ActiveCfg = Release|Any CPU
		{6D45F7A2-8231-486F-9CBA-5CC091EC9B43}.Release|x64.Build.0 = Release|Any CPU
		{A37A22C6-40C6-4B11-BCF4-65A61CBD4AD5}.Debug|Any CPU.ActiveCfg = Debug|Any CPU
		{A37A22C6-40C6-4B11-BCF4-65A61CBD4AD5}.Debug|Any CPU.Build.0 = Debug|Any CPU
		{A37A22C6-40C6-4B11-BCF4-65A61CBD4AD5}.Debug|x64.ActiveCfg = Debug|Any CPU
		{A37A22C6-40C6-4B11-BCF4-65A61CBD4AD5}.Debug|x64.Build.0 = Debug|Any CPU
		{A37A22C6-40C6-4B11-BCF4-65A61CBD4AD5}.Release|Any CPU.ActiveCfg = Release|Any CPU
		{A37A22C6-40C6-4B11-BCF4-65A61CBD4AD5}.Release|Any CPU.Build.0 = Release|Any CPU
		{A37A22C6-40C6-4B11-BCF4-65A61CBD4AD5}.Release|x64.ActiveCfg = Release|Any CPU
		{A37A22C6-40C6-4B11-BCF4-65A61CBD4AD5}.Release|x64.Build.0 = Release|Any CPU
		{DBE2D86F-482E-418F-9A6B-298B4EF1DB27}.Debug|Any CPU.ActiveCfg = Debug|Any CPU
		{DBE2D86F-482E-418F-9A6B-298B4EF1DB27}.Debug|Any CPU.Build.0 = Debug|Any CPU
		{DBE2D86F-482E-418F-9A6B-298B4EF1DB27}.Debug|x64.ActiveCfg = Debug|Any CPU
		{DBE2D86F-482E-418F-9A6B-298B4EF1DB27}.Debug|x64.Build.0 = Debug|Any CPU
		{DBE2D86F-482E-418F-9A6B-298B4EF1DB27}.Release|Any CPU.ActiveCfg = Release|Any CPU
		{DBE2D86F-482E-418F-9A6B-298B4EF1DB27}.Release|Any CPU.Build.0 = Release|Any CPU
		{DBE2D86F-482E-418F-9A6B-298B4EF1DB27}.Release|x64.ActiveCfg = Release|Any CPU
		{DBE2D86F-482E-418F-9A6B-298B4EF1DB27}.Release|x64.Build.0 = Release|Any CPU
		{DAE7E49D-A474-4776-91CF-3368E9C56F3D}.Debug|Any CPU.ActiveCfg = Debug|Any CPU
		{DAE7E49D-A474-4776-91CF-3368E9C56F3D}.Debug|Any CPU.Build.0 = Debug|Any CPU
		{DAE7E49D-A474-4776-91CF-3368E9C56F3D}.Debug|x64.ActiveCfg = Debug|Any CPU
		{DAE7E49D-A474-4776-91CF-3368E9C56F3D}.Debug|x64.Build.0 = Debug|Any CPU
		{DAE7E49D-A474-4776-91CF-3368E9C56F3D}.Release|Any CPU.ActiveCfg = Release|Any CPU
		{DAE7E49D-A474-4776-91CF-3368E9C56F3D}.Release|Any CPU.Build.0 = Release|Any CPU
		{DAE7E49D-A474-4776-91CF-3368E9C56F3D}.Release|x64.ActiveCfg = Release|Any CPU
		{DAE7E49D-A474-4776-91CF-3368E9C56F3D}.Release|x64.Build.0 = Release|Any CPU
		{60BB3472-1865-425F-A2F6-25E6C550EF84}.Debug|Any CPU.ActiveCfg = Debug|Any CPU
		{60BB3472-1865-425F-A2F6-25E6C550EF84}.Debug|Any CPU.Build.0 = Debug|Any CPU
		{60BB3472-1865-425F-A2F6-25E6C550EF84}.Debug|x64.ActiveCfg = Debug|Any CPU
		{60BB3472-1865-425F-A2F6-25E6C550EF84}.Debug|x64.Build.0 = Debug|Any CPU
		{60BB3472-1865-425F-A2F6-25E6C550EF84}.Release|Any CPU.ActiveCfg = Release|Any CPU
		{60BB3472-1865-425F-A2F6-25E6C550EF84}.Release|Any CPU.Build.0 = Release|Any CPU
		{60BB3472-1865-425F-A2F6-25E6C550EF84}.Release|x64.ActiveCfg = Release|Any CPU
		{60BB3472-1865-425F-A2F6-25E6C550EF84}.Release|x64.Build.0 = Release|Any CPU
		{440FAFA2-BF69-479C-B590-600FBA146066}.Debug|Any CPU.ActiveCfg = Debug|Any CPU
		{440FAFA2-BF69-479C-B590-600FBA146066}.Debug|Any CPU.Build.0 = Debug|Any CPU
		{440FAFA2-BF69-479C-B590-600FBA146066}.Debug|x64.ActiveCfg = Debug|Any CPU
		{440FAFA2-BF69-479C-B590-600FBA146066}.Debug|x64.Build.0 = Debug|Any CPU
		{440FAFA2-BF69-479C-B590-600FBA146066}.Release|Any CPU.ActiveCfg = Release|Any CPU
		{440FAFA2-BF69-479C-B590-600FBA146066}.Release|Any CPU.Build.0 = Release|Any CPU
		{440FAFA2-BF69-479C-B590-600FBA146066}.Release|x64.ActiveCfg = Release|Any CPU
		{440FAFA2-BF69-479C-B590-600FBA146066}.Release|x64.Build.0 = Release|Any CPU
		{907F9F40-AAD7-4BD3-95CB-4DD46B8C2D09}.Debug|Any CPU.ActiveCfg = Debug|Any CPU
		{907F9F40-AAD7-4BD3-95CB-4DD46B8C2D09}.Debug|Any CPU.Build.0 = Debug|Any CPU
		{907F9F40-AAD7-4BD3-95CB-4DD46B8C2D09}.Debug|x64.ActiveCfg = Debug|Any CPU
		{907F9F40-AAD7-4BD3-95CB-4DD46B8C2D09}.Debug|x64.Build.0 = Debug|Any CPU
		{907F9F40-AAD7-4BD3-95CB-4DD46B8C2D09}.Release|Any CPU.ActiveCfg = Release|Any CPU
		{907F9F40-AAD7-4BD3-95CB-4DD46B8C2D09}.Release|Any CPU.Build.0 = Release|Any CPU
		{907F9F40-AAD7-4BD3-95CB-4DD46B8C2D09}.Release|x64.ActiveCfg = Release|Any CPU
		{907F9F40-AAD7-4BD3-95CB-4DD46B8C2D09}.Release|x64.Build.0 = Release|Any CPU
		{360818B8-E2B2-405B-96E7-E5FDF8EA3720}.Debug|Any CPU.ActiveCfg = Debug|Any CPU
		{360818B8-E2B2-405B-96E7-E5FDF8EA3720}.Debug|Any CPU.Build.0 = Debug|Any CPU
		{360818B8-E2B2-405B-96E7-E5FDF8EA3720}.Debug|x64.ActiveCfg = Debug|Any CPU
		{360818B8-E2B2-405B-96E7-E5FDF8EA3720}.Debug|x64.Build.0 = Debug|Any CPU
		{360818B8-E2B2-405B-96E7-E5FDF8EA3720}.Release|Any CPU.ActiveCfg = Release|Any CPU
		{360818B8-E2B2-405B-96E7-E5FDF8EA3720}.Release|Any CPU.Build.0 = Release|Any CPU
		{360818B8-E2B2-405B-96E7-E5FDF8EA3720}.Release|x64.ActiveCfg = Release|Any CPU
		{360818B8-E2B2-405B-96E7-E5FDF8EA3720}.Release|x64.Build.0 = Release|Any CPU
		{635E97D2-7C42-40BD-9E64-B4DE37499FA4}.Debug|Any CPU.ActiveCfg = Debug|Any CPU
		{635E97D2-7C42-40BD-9E64-B4DE37499FA4}.Debug|Any CPU.Build.0 = Debug|Any CPU
		{635E97D2-7C42-40BD-9E64-B4DE37499FA4}.Debug|x64.ActiveCfg = Debug|Any CPU
		{635E97D2-7C42-40BD-9E64-B4DE37499FA4}.Debug|x64.Build.0 = Debug|Any CPU
		{635E97D2-7C42-40BD-9E64-B4DE37499FA4}.Release|Any CPU.ActiveCfg = Release|Any CPU
		{635E97D2-7C42-40BD-9E64-B4DE37499FA4}.Release|Any CPU.Build.0 = Release|Any CPU
		{635E97D2-7C42-40BD-9E64-B4DE37499FA4}.Release|x64.ActiveCfg = Release|Any CPU
		{635E97D2-7C42-40BD-9E64-B4DE37499FA4}.Release|x64.Build.0 = Release|Any CPU
		{61093808-B376-498A-8659-976FD22C313A}.Debug|Any CPU.ActiveCfg = Debug|Any CPU
		{61093808-B376-498A-8659-976FD22C313A}.Debug|Any CPU.Build.0 = Debug|Any CPU
		{61093808-B376-498A-8659-976FD22C313A}.Debug|x64.ActiveCfg = Debug|Any CPU
		{61093808-B376-498A-8659-976FD22C313A}.Debug|x64.Build.0 = Debug|Any CPU
		{61093808-B376-498A-8659-976FD22C313A}.Release|Any CPU.ActiveCfg = Release|Any CPU
		{61093808-B376-498A-8659-976FD22C313A}.Release|Any CPU.Build.0 = Release|Any CPU
		{61093808-B376-498A-8659-976FD22C313A}.Release|x64.ActiveCfg = Release|Any CPU
		{61093808-B376-498A-8659-976FD22C313A}.Release|x64.Build.0 = Release|Any CPU
		{7F3C2F1A-2BFD-449D-A5E3-62514C5EAE96}.Debug|Any CPU.ActiveCfg = Debug|Any CPU
		{7F3C2F1A-2BFD-449D-A5E3-62514C5EAE96}.Debug|Any CPU.Build.0 = Debug|Any CPU
		{7F3C2F1A-2BFD-449D-A5E3-62514C5EAE96}.Debug|x64.ActiveCfg = Debug|Any CPU
		{7F3C2F1A-2BFD-449D-A5E3-62514C5EAE96}.Debug|x64.Build.0 = Debug|Any CPU
		{7F3C2F1A-2BFD-449D-A5E3-62514C5EAE96}.Release|Any CPU.ActiveCfg = Release|Any CPU
		{7F3C2F1A-2BFD-449D-A5E3-62514C5EAE96}.Release|Any CPU.Build.0 = Release|Any CPU
		{7F3C2F1A-2BFD-449D-A5E3-62514C5EAE96}.Release|x64.ActiveCfg = Release|Any CPU
		{7F3C2F1A-2BFD-449D-A5E3-62514C5EAE96}.Release|x64.Build.0 = Release|Any CPU
		{F5B5E6CF-58CA-4DF6-BB03-84C69228B22C}.Debug|Any CPU.ActiveCfg = Debug|Any CPU
		{F5B5E6CF-58CA-4DF6-BB03-84C69228B22C}.Debug|Any CPU.Build.0 = Debug|Any CPU
		{F5B5E6CF-58CA-4DF6-BB03-84C69228B22C}.Debug|x64.ActiveCfg = Debug|Any CPU
		{F5B5E6CF-58CA-4DF6-BB03-84C69228B22C}.Debug|x64.Build.0 = Debug|Any CPU
		{F5B5E6CF-58CA-4DF6-BB03-84C69228B22C}.Release|Any CPU.ActiveCfg = Release|Any CPU
		{F5B5E6CF-58CA-4DF6-BB03-84C69228B22C}.Release|Any CPU.Build.0 = Release|Any CPU
		{F5B5E6CF-58CA-4DF6-BB03-84C69228B22C}.Release|x64.ActiveCfg = Release|Any CPU
		{F5B5E6CF-58CA-4DF6-BB03-84C69228B22C}.Release|x64.Build.0 = Release|Any CPU
		{4B568C2A-264A-4811-8F95-864AC59F3CCD}.Debug|Any CPU.ActiveCfg = Debug|Any CPU
		{4B568C2A-264A-4811-8F95-864AC59F3CCD}.Debug|Any CPU.Build.0 = Debug|Any CPU
		{4B568C2A-264A-4811-8F95-864AC59F3CCD}.Debug|x64.ActiveCfg = Debug|Any CPU
		{4B568C2A-264A-4811-8F95-864AC59F3CCD}.Debug|x64.Build.0 = Debug|Any CPU
		{4B568C2A-264A-4811-8F95-864AC59F3CCD}.Release|Any CPU.ActiveCfg = Release|Any CPU
		{4B568C2A-264A-4811-8F95-864AC59F3CCD}.Release|Any CPU.Build.0 = Release|Any CPU
		{4B568C2A-264A-4811-8F95-864AC59F3CCD}.Release|x64.ActiveCfg = Release|Any CPU
		{4B568C2A-264A-4811-8F95-864AC59F3CCD}.Release|x64.Build.0 = Release|Any CPU
		{602429CC-6BB5-4BF2-91DA-C6B0FF4399E5}.Debug|Any CPU.ActiveCfg = Debug|Any CPU
		{602429CC-6BB5-4BF2-91DA-C6B0FF4399E5}.Debug|Any CPU.Build.0 = Debug|Any CPU
		{602429CC-6BB5-4BF2-91DA-C6B0FF4399E5}.Debug|x64.ActiveCfg = Debug|Any CPU
		{602429CC-6BB5-4BF2-91DA-C6B0FF4399E5}.Debug|x64.Build.0 = Debug|Any CPU
		{602429CC-6BB5-4BF2-91DA-C6B0FF4399E5}.Release|Any CPU.ActiveCfg = Release|Any CPU
		{602429CC-6BB5-4BF2-91DA-C6B0FF4399E5}.Release|Any CPU.Build.0 = Release|Any CPU
		{602429CC-6BB5-4BF2-91DA-C6B0FF4399E5}.Release|x64.ActiveCfg = Release|Any CPU
		{602429CC-6BB5-4BF2-91DA-C6B0FF4399E5}.Release|x64.Build.0 = Release|Any CPU
		{F182838C-116D-4FED-BC33-6B39FA3D66C0}.Debug|Any CPU.ActiveCfg = Debug|Any CPU
		{F182838C-116D-4FED-BC33-6B39FA3D66C0}.Debug|Any CPU.Build.0 = Debug|Any CPU
		{F182838C-116D-4FED-BC33-6B39FA3D66C0}.Debug|x64.ActiveCfg = Debug|Any CPU
		{F182838C-116D-4FED-BC33-6B39FA3D66C0}.Debug|x64.Build.0 = Debug|Any CPU
		{F182838C-116D-4FED-BC33-6B39FA3D66C0}.Release|Any CPU.ActiveCfg = Release|Any CPU
		{F182838C-116D-4FED-BC33-6B39FA3D66C0}.Release|Any CPU.Build.0 = Release|Any CPU
		{F182838C-116D-4FED-BC33-6B39FA3D66C0}.Release|x64.ActiveCfg = Release|Any CPU
		{F182838C-116D-4FED-BC33-6B39FA3D66C0}.Release|x64.Build.0 = Release|Any CPU
	EndGlobalSection
	GlobalSection(SolutionProperties) = preSolution
		HideSolutionNode = FALSE
	EndGlobalSection
	GlobalSection(NestedProjects) = preSolution
		{E01C001E-5CC0-42A8-99B6-43C7A409AB34} = {50DD3C1E-42AD-498E-9BE7-1604058CF1D8}
		{3F82FF3F-13E3-4106-9FE6-E986549528F2} = {50DD3C1E-42AD-498E-9BE7-1604058CF1D8}
		{A37A22C6-40C6-4B11-BCF4-65A61CBD4AD5} = {7B0F7A1A-7C84-4B17-85D0-24BBCAA18826}
		{DBE2D86F-482E-418F-9A6B-298B4EF1DB27} = {7B0F7A1A-7C84-4B17-85D0-24BBCAA18826}
		{DAE7E49D-A474-4776-91CF-3368E9C56F3D} = {7B0F7A1A-7C84-4B17-85D0-24BBCAA18826}
		{60BB3472-1865-425F-A2F6-25E6C550EF84} = {C82FFADF-2F2F-4B8D-BB32-2D2F149FED4D}
		{440FAFA2-BF69-479C-B590-600FBA146066} = {50DD3C1E-42AD-498E-9BE7-1604058CF1D8}
		{1C0BDFDE-D7B6-4343-AF9E-5BCAC51AA6A3} = {AC3DBEC4-E0A4-4457-9446-C49E6D487E48}
		{AB2B0D73-3100-4CA1-A44C-113CEC1E3E6D} = {AC3DBEC4-E0A4-4457-9446-C49E6D487E48}
		{8996D472-25ED-498F-8ED2-999B9DFA11C5} = {AC3DBEC4-E0A4-4457-9446-C49E6D487E48}
		{BA33D22B-1BAB-4EE1-BF66-8805A390A495} = {AC3DBEC4-E0A4-4457-9446-C49E6D487E48}
		{907F9F40-AAD7-4BD3-95CB-4DD46B8C2D09} = {D15528F2-AB50-46E2-9DB1-821B278C4931}
		{360818B8-E2B2-405B-96E7-E5FDF8EA3720} = {D15528F2-AB50-46E2-9DB1-821B278C4931}
		{635E97D2-7C42-40BD-9E64-B4DE37499FA4} = {D15528F2-AB50-46E2-9DB1-821B278C4931}
		{61093808-B376-498A-8659-976FD22C313A} = {D15528F2-AB50-46E2-9DB1-821B278C4931}
		{7F3C2F1A-2BFD-449D-A5E3-62514C5EAE96} = {D15528F2-AB50-46E2-9DB1-821B278C4931}
		{F5B5E6CF-58CA-4DF6-BB03-84C69228B22C} = {D15528F2-AB50-46E2-9DB1-821B278C4931}
		{4B568C2A-264A-4811-8F95-864AC59F3CCD} = {C82FFADF-2F2F-4B8D-BB32-2D2F149FED4D}
		{DC167CB5-37D6-4391-B751-0979195ACBC4} = {C82FFADF-2F2F-4B8D-BB32-2D2F149FED4D}
		{A2A2D155-C21D-4022-91E4-9516015281E7} = {D15528F2-AB50-46E2-9DB1-821B278C4931}
		{602429CC-6BB5-4BF2-91DA-C6B0FF4399E5} = {C82FFADF-2F2F-4B8D-BB32-2D2F149FED4D}
		{58DA6B29-2597-4D78-8938-97DB784293DB} = {50DD3C1E-42AD-498E-9BE7-1604058CF1D8}
		{D691F587-E095-42D4-9FB7-A5A3D8725471} = {1C0BDFDE-D7B6-4343-AF9E-5BCAC51AA6A3}
		{F182838C-116D-4FED-BC33-6B39FA3D66C0} = {50DD3C1E-42AD-498E-9BE7-1604058CF1D8}
	EndGlobalSection
	GlobalSection(ExtensibilityGlobals) = postSolution
		SolutionGuid = {6E1CD9B3-4EAB-4B8C-BDC1-03280EB31298}
	EndGlobalSection
EndGlobal
